
Microsoft Visual Studio Solution File, Format Version 12.00
# Visual Studio 14
VisualStudioVersion = 14.0.22609.0
MinimumVisualStudioVersion = 10.0.40219.1
Project("{8BC9CEB8-8B4A-11D0-8D11-00A0C91BC942}") = "WindowPresent", "WindowPresent\WindowPresent.vcxproj", "{7C0533F3-1ED8-4E8D-91C5-273E7E5C4878}"
EndProject
Project("{8BC9CEB8-8B4A-11D0-8D11-00A0C91BC942}") = "Shader", "Shader\Shader.vcxproj", "{3567C8A5-71AA-4790-A944-C6710EBDC27D}"
EndProject
Global
	GlobalSection(SolutionConfigurationPlatforms) = preSolution
		Debug|x86 = Debug|x86
		Release|x86 = Release|x86
	EndGlobalSection
	GlobalSection(ProjectConfigurationPlatforms) = postSolution
		{7C0533F3-1ED8-4E8D-91C5-273E7E5C4878}.Debug|x86.ActiveCfg = Debug|Win32
		{7C0533F3-1ED8-4E8D-91C5-273E7E5C4878}.Debug|x86.Build.0 = Debug|Win32
		{7C0533F3-1ED8-4E8D-91C5-273E7E5C4878}.Release|x86.ActiveCfg = Release|Win32
		{7C0533F3-1ED8-4E8D-91C5-273E7E5C4878}.Release|x86.Build.0 = Release|Win32
		{3567C8A5-71AA-4790-A944-C6710EBDC27D}.Debug|x86.ActiveCfg = Debug|Win32
		{3567C8A5-71AA-4790-A944-C6710EBDC27D}.Debug|x86.Build.0 = Debug|Win32
		{3567C8A5-71AA-4790-A944-C6710EBDC27D}.Release|x86.ActiveCfg = Release|Win32
		{3567C8A5-71AA-4790-A944-C6710EBDC27D}.Release|x86.Build.0 = Release|Win32
	EndGlobalSection
	GlobalSection(SolutionProperties) = preSolution
		HideSolutionNode = FALSE
	EndGlobalSection
EndGlobal
