
Microsoft Visual Studio Solution File, Format Version 12.00
# Visual Studio 14
VisualStudioVersion = 14.0.22609.0
MinimumVisualStudioVersion = 10.0.40219.1
Project("{8BC9CEB8-8B4A-11D0-8D11-00A0C91BC942}") = "WindowPresent", "WindowPresent\WindowPresent.vcxproj", "{7C0533F3-1ED8-4E8D-91C5-273E7E5C4878}"
EndProject
Project("{8BC9CEB8-8B4A-11D0-8D11-00A0C91BC942}") = "Shader", "Shader\Shader.vcxproj", "{3567C8A5-71AA-4790-A944-C6710EBDC27D}"
EndProject
Project("{8BC9CEB8-8B4A-11D0-8D11-00A0C91BC942}") = "VertexBuffer", "VertexBuffer\VertexBuffer.vcxproj", "{154EC394-0563-4872-BC8C-DB2268BDBA13}"
EndProject
Project("{8BC9CEB8-8B4A-11D0-8D11-00A0C91BC942}") = "Texture", "Texture\Texture.vcxproj", "{42B8D5C1-E772-45B5-91B6-E02EB4FBF862}"
EndProject
Project("{8BC9CEB8-8B4A-11D0-8D11-00A0C91BC942}") = "ConstantBuffer", "ConstantBuffer\ConstantBuffer.vcxproj", "{52BA938A-64DD-45DB-A662-92AE4C3EFD6B}"
EndProject
Project("{8BC9CEB8-8B4A-11D0-8D11-00A0C91BC942}") = "DepthBuffer", "DepthBuffer\DepthBuffer.vcxproj", "{FA54DE8A-D56F-4BD7-AE5B-12A6C52D0CAE}"
EndProject
Project("{8BC9CEB8-8B4A-11D0-8D11-00A0C91BC942}") = "Mesh", "Mesh\Mesh.vcxproj", "{9F60EA5A-2B75-47D1-A37C-89EE60AA7D6F}"
EndProject
Project("{8BC9CEB8-8B4A-11D0-8D11-00A0C91BC942}") = "TextureOptimize", "TextureOptimize\TextureOptimize.vcxproj", "{FCCA3D55-3F65-470D-BF2C-28934D71B91C}"
EndProject
Project("{8BC9CEB8-8B4A-11D0-8D11-00A0C91BC942}") = "ParallelFrame", "ParallelFrame\ParallelFrame.vcxproj", "{1DAFD053-C82B-439E-A3F2-58719F72DF79}"
EndProject
Project("{8BC9CEB8-8B4A-11D0-8D11-00A0C91BC942}") = "ParallelFrameRootConstant", "ParallelFrameRootConstant\ParallelFrameRootConstant.vcxproj", "{4E31ED81-D17C-402C-B109-69C10E224762}"
EndProject
Project("{8BC9CEB8-8B4A-11D0-8D11-00A0C91BC942}") = "MeshTex", "MeshTex\MeshTex.vcxproj", "{6341AE7C-E905-4985-9077-932B2ED6E206}"
EndProject
Project("{8BC9CEB8-8B4A-11D0-8D11-00A0C91BC942}") = "Fullscreen", "Fullscreen\Fullscreen.vcxproj", "{622B8C36-52D2-483C-837C-B843840BD141}"
EndProject
Global
	GlobalSection(SolutionConfigurationPlatforms) = preSolution
		Debug|x86 = Debug|x86
		Release|x86 = Release|x86
	EndGlobalSection
	GlobalSection(ProjectConfigurationPlatforms) = postSolution
		{7C0533F3-1ED8-4E8D-91C5-273E7E5C4878}.Debug|x86.ActiveCfg = Debug|Win32
		{7C0533F3-1ED8-4E8D-91C5-273E7E5C4878}.Debug|x86.Build.0 = Debug|Win32
		{7C0533F3-1ED8-4E8D-91C5-273E7E5C4878}.Release|x86.ActiveCfg = Release|Win32
		{7C0533F3-1ED8-4E8D-91C5-273E7E5C4878}.Release|x86.Build.0 = Release|Win32
		{3567C8A5-71AA-4790-A944-C6710EBDC27D}.Debug|x86.ActiveCfg = Debug|Win32
		{3567C8A5-71AA-4790-A944-C6710EBDC27D}.Debug|x86.Build.0 = Debug|Win32
		{3567C8A5-71AA-4790-A944-C6710EBDC27D}.Release|x86.ActiveCfg = Release|Win32
		{3567C8A5-71AA-4790-A944-C6710EBDC27D}.Release|x86.Build.0 = Release|Win32
		{154EC394-0563-4872-BC8C-DB2268BDBA13}.Debug|x86.ActiveCfg = Debug|Win32
		{154EC394-0563-4872-BC8C-DB2268BDBA13}.Debug|x86.Build.0 = Debug|Win32
		{154EC394-0563-4872-BC8C-DB2268BDBA13}.Release|x86.ActiveCfg = Release|Win32
		{154EC394-0563-4872-BC8C-DB2268BDBA13}.Release|x86.Build.0 = Release|Win32
		{42B8D5C1-E772-45B5-91B6-E02EB4FBF862}.Debug|x86.ActiveCfg = Debug|Win32
		{42B8D5C1-E772-45B5-91B6-E02EB4FBF862}.Debug|x86.Build.0 = Debug|Win32
		{42B8D5C1-E772-45B5-91B6-E02EB4FBF862}.Release|x86.ActiveCfg = Release|Win32
		{42B8D5C1-E772-45B5-91B6-E02EB4FBF862}.Release|x86.Build.0 = Release|Win32
		{52BA938A-64DD-45DB-A662-92AE4C3EFD6B}.Debug|x86.ActiveCfg = Debug|Win32
		{52BA938A-64DD-45DB-A662-92AE4C3EFD6B}.Debug|x86.Build.0 = Debug|Win32
		{52BA938A-64DD-45DB-A662-92AE4C3EFD6B}.Release|x86.ActiveCfg = Release|Win32
		{52BA938A-64DD-45DB-A662-92AE4C3EFD6B}.Release|x86.Build.0 = Release|Win32
		{FA54DE8A-D56F-4BD7-AE5B-12A6C52D0CAE}.Debug|x86.ActiveCfg = Debug|Win32
		{FA54DE8A-D56F-4BD7-AE5B-12A6C52D0CAE}.Debug|x86.Build.0 = Debug|Win32
		{FA54DE8A-D56F-4BD7-AE5B-12A6C52D0CAE}.Release|x86.ActiveCfg = Release|Win32
		{FA54DE8A-D56F-4BD7-AE5B-12A6C52D0CAE}.Release|x86.Build.0 = Release|Win32
		{9F60EA5A-2B75-47D1-A37C-89EE60AA7D6F}.Debug|x86.ActiveCfg = Debug|Win32
		{9F60EA5A-2B75-47D1-A37C-89EE60AA7D6F}.Debug|x86.Build.0 = Debug|Win32
		{9F60EA5A-2B75-47D1-A37C-89EE60AA7D6F}.Release|x86.ActiveCfg = Release|Win32
		{9F60EA5A-2B75-47D1-A37C-89EE60AA7D6F}.Release|x86.Build.0 = Release|Win32
		{FCCA3D55-3F65-470D-BF2C-28934D71B91C}.Debug|x86.ActiveCfg = Debug|Win32
		{FCCA3D55-3F65-470D-BF2C-28934D71B91C}.Debug|x86.Build.0 = Debug|Win32
		{FCCA3D55-3F65-470D-BF2C-28934D71B91C}.Release|x86.ActiveCfg = Release|Win32
		{FCCA3D55-3F65-470D-BF2C-28934D71B91C}.Release|x86.Build.0 = Release|Win32
		{1DAFD053-C82B-439E-A3F2-58719F72DF79}.Debug|x86.ActiveCfg = Debug|Win32
		{1DAFD053-C82B-439E-A3F2-58719F72DF79}.Debug|x86.Build.0 = Debug|Win32
		{1DAFD053-C82B-439E-A3F2-58719F72DF79}.Release|x86.ActiveCfg = Release|Win32
		{1DAFD053-C82B-439E-A3F2-58719F72DF79}.Release|x86.Build.0 = Release|Win32
		{4E31ED81-D17C-402C-B109-69C10E224762}.Debug|x86.ActiveCfg = Debug|Win32
		{4E31ED81-D17C-402C-B109-69C10E224762}.Debug|x86.Build.0 = Debug|Win32
		{4E31ED81-D17C-402C-B109-69C10E224762}.Release|x86.ActiveCfg = Release|Win32
		{4E31ED81-D17C-402C-B109-69C10E224762}.Release|x86.Build.0 = Release|Win32
		{6341AE7C-E905-4985-9077-932B2ED6E206}.Debug|x86.ActiveCfg = Debug|Win32
		{6341AE7C-E905-4985-9077-932B2ED6E206}.Debug|x86.Build.0 = Debug|Win32
		{6341AE7C-E905-4985-9077-932B2ED6E206}.Release|x86.ActiveCfg = Release|Win32
		{6341AE7C-E905-4985-9077-932B2ED6E206}.Release|x86.Build.0 = Release|Win32
		{622B8C36-52D2-483C-837C-B843840BD141}.Debug|x86.ActiveCfg = Debug|Win32
		{622B8C36-52D2-483C-837C-B843840BD141}.Debug|x86.Build.0 = Debug|Win32
		{622B8C36-52D2-483C-837C-B843840BD141}.Release|x86.ActiveCfg = Release|Win32
		{622B8C36-52D2-483C-837C-B843840BD141}.Release|x86.Build.0 = Release|Win32
	EndGlobalSection
	GlobalSection(SolutionProperties) = preSolution
		HideSolutionNode = FALSE
	EndGlobalSection
EndGlobal
